
Microsoft Visual Studio Solution File, Format Version 12.00
# Visual Studio Version 16
VisualStudioVersion = 16.0.32630.194
MinimumVisualStudioVersion = 10.0.40219.1
Project("{FAE04EC0-301F-11D3-BF4B-00C04F79EFBC}") = "Vector", "Vector\Vector.csproj", "{2C9CD286-5FF7-49DD-B91F-1FACB1E676AA}"
EndProject
Global
	GlobalSection(SolutionConfigurationPlatforms) = preSolution
		Debug|Any CPU = Debug|Any CPU
		Release|Any CPU = Release|Any CPU
	EndGlobalSection
	GlobalSection(ProjectConfigurationPlatforms) = postSolution
		{2C9CD286-5FF7-49DD-B91F-1FACB1E676AA}.Debug|Any CPU.ActiveCfg = Debug|Any CPU
		{2C9CD286-5FF7-49DD-B91F-1FACB1E676AA}.Debug|Any CPU.Build.0 = Debug|Any CPU
		{2C9CD286-5FF7-49DD-B91F-1FACB1E676AA}.Release|Any CPU.ActiveCfg = Release|Any CPU
		{2C9CD286-5FF7-49DD-B91F-1FACB1E676AA}.Release|Any CPU.Build.0 = Release|Any CPU
	EndGlobalSection
	GlobalSection(SolutionProperties) = preSolution
		HideSolutionNode = FALSE
	EndGlobalSection
	GlobalSection(ExtensibilityGlobals) = postSolution
		SolutionGuid = {653D5747-2CD5-4301-8EB0-528BCC3F5C53}
	EndGlobalSection
EndGlobal
